schema: '2.0'
stages:
  download_weather_tx:
    cmd: mkdir -p data/raw/weather_tx_asos && cd data/raw/weather_tx_asos && 
      ../../../.venv/bin/python ../../../scripts/download_asos_weather_tx.py 
      --execute
    deps:
    - path: scripts/download_asos_weather_tx.py
      hash: md5
      md5: ad715bb108f041f0cac2faabf8f5fcff
      size: 6112
    outs:
    - path: data/raw/weather_tx_asos
      hash: md5
      md5: c4f7d620e592f6b5dede0b90a3ab77c6.dir
      size: 373715070
      nfiles: 15
  extract_ercot_backcast:
    cmd: cd data/interim/ercot_backcast && ../../../.venv/bin/python 
      ../../../scripts/extract_ercot_backcast.py
    deps:
    - path: data/raw/ercot_backcast
      hash: md5
      md5: acd3993631bc619b512ff97540bf1c89.dir
      size: 584334748
      nfiles: 11
    - path: scripts/extract_ercot_backcast.py
      hash: md5
      md5: 31ce43d42aa77cb61784e1d93d90ac93
      size: 6717
    outs:
    - path: data/interim/ercot_backcast
      hash: md5
      md5: 8724e54f18dbd2b7933e93b8d7cfb33b.dir
      size: 159686326
      nfiles: 108
  extract_ercot_map:
    cmd: cd data/interim/ercot_map && ../../../.venv/bin/python 
      ../../../scripts/extract_ercot_map.py
    deps:
    - path: data/raw/ercot_map/eGRID2023_Subregions.dbf
      hash: md5
      md5: 9a01b21e57d6d30f74be124a820256b8
      size: 8041
    - path: data/raw/ercot_map/eGRID2023_Subregions.prj
      hash: md5
      md5: c742bee3d4edfc2948a2ad08de1790a5
      size: 145
    - path: data/raw/ercot_map/eGRID2023_Subregions.shp
      hash: md5
      md5: 3b83dbf02525f145a8ec6bebdded4d5f
      size: 83146184
    - path: data/raw/ercot_map/eGRID2023_Subregions.shx
      hash: md5
      md5: 7ffa33eb49a37b408b9b90962e35f9d3
      size: 316
    - path: scripts/extract_ercot_map.py
      hash: md5
      md5: 041fab676ca5f3c0003b62ac0e18f620
      size: 3169
    outs:
    - path: data/interim/ercot_map/ercot_boundary.geojson
      hash: md5
      md5: 54ce6b150e0fecab6cdcf4a24b5f7d50
      size: 33419754
  download_weather_nm:
    cmd: mkdir -p data/raw/weather_nm_asos && cd data/raw/weather_nm_asos && 
      ../../../.venv/bin/python ../../../scripts/download_asos_weather_nm.py 
      --execute
    deps:
    - path: scripts/download_asos_weather_nm.py
      hash: md5
      md5: be1738c97161b77da3c4a20f94c22eda
      size: 5095
    outs:
    - path: data/raw/weather_nm_asos
      hash: md5
      md5: d97fd0cdf03328ea613764bfaf64e4e2.dir
      size: 556037602
      nfiles: 144
  download_weather_ok:
    cmd: mkdir -p data/raw/weather_ok_asos && cd data/raw/weather_ok_asos && 
      ../../../.venv/bin/python ../../../scripts/download_asos_weather_ok.py 
      --execute
    deps:
    - path: scripts/download_asos_weather_ok.py
      hash: md5
      md5: 7996536f30aa9baadcb860e4c314309e
      size: 5246
    outs:
    - path: data/raw/weather_ok_asos
      hash: md5
      md5: 02023e8ba53d27aedc79fe700d3dc2ca.dir
      size: 1086165628
      nfiles: 144
  download_weather_ar:
    cmd: mkdir -p data/raw/weather_ar_asos && cd data/raw/weather_ar_asos && 
      ../../../.venv/bin/python ../../../scripts/download_asos_weather_ar.py 
      --execute
    deps:
    - path: scripts/download_asos_weather_ar.py
      hash: md5
      md5: d9cf6b41bbdb21fcb5a2ac76a43d9089
      size: 5112
    outs:
    - path: data/raw/weather_ar_asos
      hash: md5
      md5: d146f90d2cc9e09f6b7ff736392abe67.dir
      size: 508898639
      nfiles: 144
  download_weather_la:
    cmd: mkdir -p data/raw/weather_la_asos && cd data/raw/weather_la_asos && 
      ../../../.venv/bin/python ../../../scripts/download_asos_weather_la.py 
      --execute
    deps:
    - path: scripts/download_asos_weather_la.py
      hash: md5
      md5: f7f5f9fdcb5b94620b4a40101fe5bb5f
      size: 5184
    outs:
    - path: data/raw/weather_la_asos
      hash: md5
      md5: 3ed27f82795011eaa4302671e6572971.dir
      size: 614209290
      nfiles: 144
  build_station_metadata:
    cmd: mkdir -p data/interim/station_metadata && cd 
      data/interim/station_metadata && ../../../.venv/bin/python 
      ../../../scripts/build_station_metadata.py
    deps:
    - path: data/raw/weather_ar_asos
      hash: md5
      md5: f70f5220ea126066e198b1e7c6326352.dir
      size: 479426683
      nfiles: 144
    - path: data/raw/weather_la_asos
      hash: md5
      md5: ce71f6fd815495112acdb79259c9e87b.dir
      size: 574715872
      nfiles: 144
    - path: data/raw/weather_nm_asos
      hash: md5
      md5: 8c3cf14d786ee056ece7f80f58e2a877.dir
      size: 520313694
      nfiles: 144
    - path: data/raw/weather_ok_asos
      hash: md5
      md5: 97252005b099160ed3a4a8446212aa00.dir
      size: 1018249358
      nfiles: 144
    - path: data/raw/weather_tx_asos
      hash: md5
      md5: 00b6a836fb121286c019aab3c956105c.dir
      size: 3250750373
      nfiles: 144
    - path: scripts/build_station_metadata.py
      hash: md5
      md5: 9f5fd747e19a6d50880153ce77bf395c
      size: 4380
    outs:
    - path: data/interim/station_metadata/station_metadata.parquet
      hash: md5
      md5: 27578c761551bf733e155d83734a11e9
      size: 15010
  build_voronoi_weights:
    cmd: .venv/bin/python scripts/build_voronoi_weights.py --stations 
      data/interim/station_metadata/station_metadata.parquet --boundary 
      data/interim/ercot_map/ercot_boundary.geojson --output 
      data/interim/voronoi_weights/voronoi_weights.parquet
    deps:
    - path: data/interim/ercot_map/ercot_boundary.geojson
      hash: md5
      md5: 54ce6b150e0fecab6cdcf4a24b5f7d50
      size: 33419754
    - path: data/interim/station_metadata/station_metadata.parquet
      hash: md5
      md5: 27578c761551bf733e155d83734a11e9
      size: 15010
    - path: scripts/build_voronoi_weights.py
      hash: md5
      md5: 3801733a4330d9c11f674001afc41da6
      size: 7787
    outs:
    - path: data/interim/voronoi_weights/voronoi_weights.parquet
      hash: md5
      md5: 5248bf221a985158ac487ea53b7c069f
      size: 10701
